
Microsoft Visual Studio Solution File, Format Version 12.00
# Visual Studio Version 16
VisualStudioVersion = 16.0.32002.261
MinimumVisualStudioVersion = 10.0.40219.1
Project("{FAE04EC0-301F-11D3-BF4B-00C04F79EFBC}") = "ConsoleApp1", "ConsoleApp1\ConsoleApp1.csproj", "{98FCD7C8-CA18-42DB-B758-4AF0074436EC}"
EndProject
Project("{FAE04EC0-301F-11D3-BF4B-00C04F79EFBC}") = "27122021_örnekler", "27122021_örnekler\27122021_örnekler.csproj", "{B457B4EF-0CC4-49FD-B345-1DAE95577638}"
EndProject
Project("{FAE04EC0-301F-11D3-BF4B-00C04F79EFBC}") = "28122021_Operatörler", "28122021_Operatörler\28122021_Operatörler.csproj", "{3CF94B57-652D-4EDE-AD9F-C459F47AEF09}"
EndProject
Project("{FAE04EC0-301F-11D3-BF4B-00C04F79EFBC}") = "28122021_KararYapıları", "28122021_KararYapıları\28122021_KararYapıları.csproj", "{EEE1BD5A-8E9C-4387-BFE6-04E1A90F3210}"
EndProject
Project("{FAE04EC0-301F-11D3-BF4B-00C04F79EFBC}") = "28122021_KararYapıları_SwitchCase", "28122021_KararYapıları_SwitchCase\28122021_KararYapıları_SwitchCase.csproj", "{4F39E49C-E2B6-406A-BB9D-0D5781320CEA}"
EndProject
Project("{FAE04EC0-301F-11D3-BF4B-00C04F79EFBC}") = "29122021_Döngüler", "29122021_Döngüler\29122021_Döngüler.csproj", "{59EC8048-00FB-4E91-95AA-92B9AFB8BBAA}"
EndProject
Project("{FAE04EC0-301F-11D3-BF4B-00C04F79EFBC}") = "30122021_ödev", "30122021_ödev\30122021_ödev.csproj", "{C4B7625E-8D72-4679-BE57-305DDD8FCEF8}"
EndProject
Project("{FAE04EC0-301F-11D3-BF4B-00C04F79EFBC}") = "30122021_Döngüler", "30122021_Döngüler\30122021_Döngüler.csproj", "{CAC3942E-B021-45C4-A749-E4F60A334B8D}"
EndProject
Project("{FAE04EC0-301F-11D3-BF4B-00C04F79EFBC}") = "30122021_Diziler", "30122021_Diziler\30122021_Diziler.csproj", "{D1F2DB83-97C4-4869-8C68-B2CDA9F606DC}"
EndProject
Project("{FAE04EC0-301F-11D3-BF4B-00C04F79EFBC}") = "31122021_Diziler", "31122021_Diziler\31122021_Diziler.csproj", "{D2FF8BBC-4EBC-4E0A-AF0D-85DD934287E7}"
EndProject
Project("{FAE04EC0-301F-11D3-BF4B-00C04F79EFBC}") = "31122021_Koleksiyonlar", "31122021_Koleksiyonlar\31122021_Koleksiyonlar.csproj", "{A1F8DA18-B557-41F1-A62F-B57C7DC0ECF6}"
EndProject
Project("{FAE04EC0-301F-11D3-BF4B-00C04F79EFBC}") = "03012022_Metotlar", "03012022_Metotlar\03012022_Metotlar.csproj", "{37E8A35E-B0E9-484A-9384-80D3BB299F29}"
EndProject
Project("{FAE04EC0-301F-11D3-BF4B-00C04F79EFBC}") = "03012022_MetotDevam", "03012022_MetotDevam\03012022_MetotDevam.csproj", "{609A44B8-16F8-4960-873E-E9DA14DC0D2E}"
EndProject
Project("{FAE04EC0-301F-11D3-BF4B-00C04F79EFBC}") = "04012022_MetotDevam", "04012022_MetotDevam\04012022_MetotDevam.csproj", "{A7F6C12E-E0DE-46F5-8E7C-84287C29F9D4}"
EndProject
Project("{FAE04EC0-301F-11D3-BF4B-00C04F79EFBC}") = "04012020_Class", "04012020_Class\04012020_Class.csproj", "{14843B4E-9EBA-439A-8704-8DB78AC9D165}"
EndProject
Project("{FAE04EC0-301F-11D3-BF4B-00C04F79EFBC}") = "SınıfÖrnek", "SınıfÖrnek\SınıfÖrnek.csproj", "{5B18ABD9-2163-4371-8159-390C7C1908E7}"
EndProject
Global
	GlobalSection(SolutionConfigurationPlatforms) = preSolution
		Debug|Any CPU = Debug|Any CPU
		Release|Any CPU = Release|Any CPU
	EndGlobalSection
	GlobalSection(ProjectConfigurationPlatforms) = postSolution
		{98FCD7C8-CA18-42DB-B758-4AF0074436EC}.Debug|Any CPU.ActiveCfg = Debug|Any CPU
		{98FCD7C8-CA18-42DB-B758-4AF0074436EC}.Debug|Any CPU.Build.0 = Debug|Any CPU
		{98FCD7C8-CA18-42DB-B758-4AF0074436EC}.Release|Any CPU.ActiveCfg = Release|Any CPU
		{98FCD7C8-CA18-42DB-B758-4AF0074436EC}.Release|Any CPU.Build.0 = Release|Any CPU
		{B457B4EF-0CC4-49FD-B345-1DAE95577638}.Debug|Any CPU.ActiveCfg = Debug|Any CPU
		{B457B4EF-0CC4-49FD-B345-1DAE95577638}.Debug|Any CPU.Build.0 = Debug|Any CPU
		{B457B4EF-0CC4-49FD-B345-1DAE95577638}.Release|Any CPU.ActiveCfg = Release|Any CPU
		{B457B4EF-0CC4-49FD-B345-1DAE95577638}.Release|Any CPU.Build.0 = Release|Any CPU
		{3CF94B57-652D-4EDE-AD9F-C459F47AEF09}.Debug|Any CPU.ActiveCfg = Debug|Any CPU
		{3CF94B57-652D-4EDE-AD9F-C459F47AEF09}.Debug|Any CPU.Build.0 = Debug|Any CPU
		{3CF94B57-652D-4EDE-AD9F-C459F47AEF09}.Release|Any CPU.ActiveCfg = Release|Any CPU
		{3CF94B57-652D-4EDE-AD9F-C459F47AEF09}.Release|Any CPU.Build.0 = Release|Any CPU
		{EEE1BD5A-8E9C-4387-BFE6-04E1A90F3210}.Debug|Any CPU.ActiveCfg = Debug|Any CPU
		{EEE1BD5A-8E9C-4387-BFE6-04E1A90F3210}.Debug|Any CPU.Build.0 = Debug|Any CPU
		{EEE1BD5A-8E9C-4387-BFE6-04E1A90F3210}.Release|Any CPU.ActiveCfg = Release|Any CPU
		{EEE1BD5A-8E9C-4387-BFE6-04E1A90F3210}.Release|Any CPU.Build.0 = Release|Any CPU
		{4F39E49C-E2B6-406A-BB9D-0D5781320CEA}.Debug|Any CPU.ActiveCfg = Debug|Any CPU
		{4F39E49C-E2B6-406A-BB9D-0D5781320CEA}.Debug|Any CPU.Build.0 = Debug|Any CPU
		{4F39E49C-E2B6-406A-BB9D-0D5781320CEA}.Release|Any CPU.ActiveCfg = Release|Any CPU
		{4F39E49C-E2B6-406A-BB9D-0D5781320CEA}.Release|Any CPU.Build.0 = Release|Any CPU
		{59EC8048-00FB-4E91-95AA-92B9AFB8BBAA}.Debug|Any CPU.ActiveCfg = Debug|Any CPU
		{59EC8048-00FB-4E91-95AA-92B9AFB8BBAA}.Debug|Any CPU.Build.0 = Debug|Any CPU
		{59EC8048-00FB-4E91-95AA-92B9AFB8BBAA}.Release|Any CPU.ActiveCfg = Release|Any CPU
		{59EC8048-00FB-4E91-95AA-92B9AFB8BBAA}.Release|Any CPU.Build.0 = Release|Any CPU
		{C4B7625E-8D72-4679-BE57-305DDD8FCEF8}.Debug|Any CPU.ActiveCfg = Debug|Any CPU
		{C4B7625E-8D72-4679-BE57-305DDD8FCEF8}.Debug|Any CPU.Build.0 = Debug|Any CPU
		{C4B7625E-8D72-4679-BE57-305DDD8FCEF8}.Release|Any CPU.ActiveCfg = Release|Any CPU
		{C4B7625E-8D72-4679-BE57-305DDD8FCEF8}.Release|Any CPU.Build.0 = Release|Any CPU
		{CAC3942E-B021-45C4-A749-E4F60A334B8D}.Debug|Any CPU.ActiveCfg = Debug|Any CPU
		{CAC3942E-B021-45C4-A749-E4F60A334B8D}.Debug|Any CPU.Build.0 = Debug|Any CPU
		{CAC3942E-B021-45C4-A749-E4F60A334B8D}.Release|Any CPU.ActiveCfg = Release|Any CPU
		{CAC3942E-B021-45C4-A749-E4F60A334B8D}.Release|Any CPU.Build.0 = Release|Any CPU
		{D1F2DB83-97C4-4869-8C68-B2CDA9F606DC}.Debug|Any CPU.ActiveCfg = Debug|Any CPU
		{D1F2DB83-97C4-4869-8C68-B2CDA9F606DC}.Debug|Any CPU.Build.0 = Debug|Any CPU
		{D1F2DB83-97C4-4869-8C68-B2CDA9F606DC}.Release|Any CPU.ActiveCfg = Release|Any CPU
		{D1F2DB83-97C4-4869-8C68-B2CDA9F606DC}.Release|Any CPU.Build.0 = Release|Any CPU
		{D2FF8BBC-4EBC-4E0A-AF0D-85DD934287E7}.Debug|Any CPU.ActiveCfg = Debug|Any CPU
		{D2FF8BBC-4EBC-4E0A-AF0D-85DD934287E7}.Debug|Any CPU.Build.0 = Debug|Any CPU
		{D2FF8BBC-4EBC-4E0A-AF0D-85DD934287E7}.Release|Any CPU.ActiveCfg = Release|Any CPU
		{D2FF8BBC-4EBC-4E0A-AF0D-85DD934287E7}.Release|Any CPU.Build.0 = Release|Any CPU
		{A1F8DA18-B557-41F1-A62F-B57C7DC0ECF6}.Debug|Any CPU.ActiveCfg = Debug|Any CPU
		{A1F8DA18-B557-41F1-A62F-B57C7DC0ECF6}.Debug|Any CPU.Build.0 = Debug|Any CPU
		{A1F8DA18-B557-41F1-A62F-B57C7DC0ECF6}.Release|Any CPU.ActiveCfg = Release|Any CPU
		{A1F8DA18-B557-41F1-A62F-B57C7DC0ECF6}.Release|Any CPU.Build.0 = Release|Any CPU
		{37E8A35E-B0E9-484A-9384-80D3BB299F29}.Debug|Any CPU.ActiveCfg = Debug|Any CPU
		{37E8A35E-B0E9-484A-9384-80D3BB299F29}.Debug|Any CPU.Build.0 = Debug|Any CPU
		{37E8A35E-B0E9-484A-9384-80D3BB299F29}.Release|Any CPU.ActiveCfg = Release|Any CPU
		{37E8A35E-B0E9-484A-9384-80D3BB299F29}.Release|Any CPU.Build.0 = Release|Any CPU
		{609A44B8-16F8-4960-873E-E9DA14DC0D2E}.Debug|Any CPU.ActiveCfg = Debug|Any CPU
		{609A44B8-16F8-4960-873E-E9DA14DC0D2E}.Debug|Any CPU.Build.0 = Debug|Any CPU
		{609A44B8-16F8-4960-873E-E9DA14DC0D2E}.Release|Any CPU.ActiveCfg = Release|Any CPU
		{609A44B8-16F8-4960-873E-E9DA14DC0D2E}.Release|Any CPU.Build.0 = Release|Any CPU
		{A7F6C12E-E0DE-46F5-8E7C-84287C29F9D4}.Debug|Any CPU.ActiveCfg = Debug|Any CPU
		{A7F6C12E-E0DE-46F5-8E7C-84287C29F9D4}.Debug|Any CPU.Build.0 = Debug|Any CPU
		{A7F6C12E-E0DE-46F5-8E7C-84287C29F9D4}.Release|Any CPU.ActiveCfg = Release|Any CPU
		{A7F6C12E-E0DE-46F5-8E7C-84287C29F9D4}.Release|Any CPU.Build.0 = Release|Any CPU
		{14843B4E-9EBA-439A-8704-8DB78AC9D165}.Debug|Any CPU.ActiveCfg = Debug|Any CPU
		{14843B4E-9EBA-439A-8704-8DB78AC9D165}.Debug|Any CPU.Build.0 = Debug|Any CPU
		{14843B4E-9EBA-439A-8704-8DB78AC9D165}.Release|Any CPU.ActiveCfg = Release|Any CPU
		{14843B4E-9EBA-439A-8704-8DB78AC9D165}.Release|Any CPU.Build.0 = Release|Any CPU
		{5B18ABD9-2163-4371-8159-390C7C1908E7}.Debug|Any CPU.ActiveCfg = Debug|Any CPU
		{5B18ABD9-2163-4371-8159-390C7C1908E7}.Debug|Any CPU.Build.0 = Debug|Any CPU
		{5B18ABD9-2163-4371-8159-390C7C1908E7}.Release|Any CPU.ActiveCfg = Release|Any CPU
		{5B18ABD9-2163-4371-8159-390C7C1908E7}.Release|Any CPU.Build.0 = Release|Any CPU
	EndGlobalSection
	GlobalSection(SolutionProperties) = preSolution
		HideSolutionNode = FALSE
	EndGlobalSection
	GlobalSection(ExtensibilityGlobals) = postSolution
		SolutionGuid = {0381AE22-ABD8-487B-BD0B-E765D5EA4E19}
	EndGlobalSection
EndGlobal
